// !$*UTF8*$!
{
	archiveVersion = 1;
	classes = {
	};
	objectVersion = 48;
	objects = {

/* Begin PBXBuildFile section */
		7E84FF371EF8DF88002CAF60 /* AppDelegate.swift in Sources */ = {isa = PBXBuildFile; fileRef = 7E84FF361EF8DF88002CAF60 /* AppDelegate.swift */; };
		7E84FF391EF8DF88002CAF60 /* ViewController.swift in Sources */ = {isa = PBXBuildFile; fileRef = 7E84FF381EF8DF88002CAF60 /* ViewController.swift */; };
		7E84FF3C1EF8DF88002CAF60 /* Main.storyboard in Resources */ = {isa = PBXBuildFile; fileRef = 7E84FF3A1EF8DF88002CAF60 /* Main.storyboard */; };
		7E84FF3E1EF8DF88002CAF60 /* Assets.xcassets in Resources */ = {isa = PBXBuildFile; fileRef = 7E84FF3D1EF8DF88002CAF60 /* Assets.xcassets */; };
		7E84FF411EF8DF88002CAF60 /* LaunchScreen.storyboard in Resources */ = {isa = PBXBuildFile; fileRef = 7E84FF3F1EF8DF88002CAF60 /* LaunchScreen.storyboard */; };
		7E84FF4C1EF8DF88002CAF60 /* SourceControlTestTests.swift in Sources */ = {isa = PBXBuildFile; fileRef = 7E84FF4B1EF8DF88002CAF60 /* SourceControlTestTests.swift */; };
		7E84FF571EF8DF88002CAF60 /* SourceControlTestUITests.swift in Sources */ = {isa = PBXBuildFile; fileRef = 7E84FF561EF8DF88002CAF60 /* SourceControlTestUITests.swift */; };
/* End PBXBuildFile section */

/* Begin PBXContainerItemProxy section */
		7E84FF481EF8DF88002CAF60 /* PBXContainerItemProxy */ = {
			isa = PBXContainerItemProxy;
			containerPortal = 7E84FF2B1EF8DF88002CAF60 /* Project object */;
			proxyType = 1;
			remoteGlobalIDString = 7E84FF321EF8DF88002CAF60;
			remoteInfo = SourceControlTest;
		};
		7E84FF531EF8DF88002CAF60 /* PBXContainerItemProxy */ = {
			isa = PBXContainerItemProxy;
			containerPortal = 7E84FF2B1EF8DF88002CAF60 /* Project object */;
			proxyType = 1;
			remoteGlobalIDString = 7E84FF321EF8DF88002CAF60;
			remoteInfo = SourceControlTest;
		};
/* End PBXContainerItemProxy section */

/* Begin PBXFileReference section */
		7E84FF331EF8DF88002CAF60 /* SourceControlTest.app */ = {isa = PBXFileReference; explicitFileType = wrapper.application; includeInIndex = 0; path = SourceControlTest.app; sourceTree = BUILT_PRODUCTS_DIR; };
		7E84FF361EF8DF88002CAF60 /* AppDelegate.swift */ = {isa = PBXFileReference; lastKnownFileType = sourcecode.swift; path = AppDelegate.swift; sourceTree = "<group>"; };
		7E84FF381EF8DF88002CAF60 /* ViewController.swift */ = {isa = PBXFileReference; lastKnownFileType = sourcecode.swift; path = ViewController.swift; sourceTree = "<group>"; };
		7E84FF3B1EF8DF88002CAF60 /* Base */ = {isa = PBXFileReference; lastKnownFileType = file.storyboard; name = Base; path = Base.lproj/Main.storyboard; sourceTree = "<group>"; };
		7E84FF3D1EF8DF88002CAF60 /* Assets.xcassets */ = {isa = PBXFileReference; lastKnownFileType = folder.assetcatalog; path = Assets.xcassets; sourceTree = "<group>"; };
		7E84FF401EF8DF88002CAF60 /* Base */ = {isa = PBXFileReference; lastKnownFileType = file.storyboard; name = Base; path = Base.lproj/LaunchScreen.storyboard; sourceTree = "<group>"; };
		7E84FF421EF8DF88002CAF60 /* Info.plist */ = {isa = PBXFileReference; lastKnownFileType = text.plist.xml; path = Info.plist; sourceTree = "<group>"; };
		7E84FF471EF8DF88002CAF60 /* SourceControlTestTests.xctest */ = {isa = PBXFileReference; explicitFileType = wrapper.cfbundle; includeInIndex = 0; path = SourceControlTestTests.xctest; sourceTree = BUILT_PRODUCTS_DIR; };
		7E84FF4B1EF8DF88002CAF60 /* SourceControlTestTests.swift */ = {isa = PBXFileReference; lastKnownFileType = sourcecode.swift; path = SourceControlTestTests.swift; sourceTree = "<group>"; };
		7E84FF4D1EF8DF88002CAF60 /* Info.plist */ = {isa = PBXFileReference; lastKnownFileType = text.plist.xml; path = Info.plist; sourceTree = "<group>"; };
		7E84FF521EF8DF88002CAF60 /* SourceControlTestUITests.xctest */ = {isa = PBXFileReference; explicitFileType = wrapper.cfbundle; includeInIndex = 0; path = SourceControlTestUITests.xctest; sourceTree = BUILT_PRODUCTS_DIR; };
		7E84FF561EF8DF88002CAF60 /* SourceControlTestUITests.swift */ = {isa = PBXFileReference; lastKnownFileType = sourcecode.swift; path = SourceControlTestUITests.swift; sourceTree = "<group>"; };
		7E84FF581EF8DF88002CAF60 /* Info.plist */ = {isa = PBXFileReference; lastKnownFileType = text.plist.xml; path = Info.plist; sourceTree = "<group>"; };
/* End PBXFileReference section */

/* Begin PBXFrameworksBuildPhase section */
		7E84FF301EF8DF88002CAF60 /* Frameworks */ = {
			isa = PBXFrameworksBuildPhase;
			buildActionMask = 2147483647;
			files = (
			);
			runOnlyForDeploymentPostprocessing = 0;
		};
		7E84FF441EF8DF88002CAF60 /* Frameworks */ = {
			isa = PBXFrameworksBuildPhase;
			buildActionMask = 2147483647;
			files = (
			);
			runOnlyForDeploymentPostprocessing = 0;
		};
		7E84FF4F1EF8DF88002CAF60 /* Frameworks */ = {
			isa = PBXFrameworksBuildPhase;
			buildActionMask = 2147483647;
			files = (
			);
			runOnlyForDeploymentPostprocessing = 0;
		};
/* End PBXFrameworksBuildPhase section */

/* Begin PBXGroup section */
		7E84FF2A1EF8DF88002CAF60 = {
			isa = PBXGroup;
			children = (
				7E84FF351EF8DF88002CAF60 /* SourceControlTest */,
				7E84FF4A1EF8DF88002CAF60 /* SourceControlTestTests */,
				7E84FF551EF8DF88002CAF60 /* SourceControlTestUITests */,
				7E84FF341EF8DF88002CAF60 /* Products */,
			);
			sourceTree = "<group>";
		};
		7E84FF341EF8DF88002CAF60 /* Products */ = {
			isa = PBXGroup;
			children = (
				7E84FF331EF8DF88002CAF60 /* SourceControlTest.app */,
				7E84FF471EF8DF88002CAF60 /* SourceControlTestTests.xctest */,
				7E84FF521EF8DF88002CAF60 /* SourceControlTestUITests.xctest */,
			);
			name = Products;
			sourceTree = "<group>";
		};
		7E84FF351EF8DF88002CAF60 /* SourceControlTest */ = {
			isa = PBXGroup;
			children = (
				7E84FF361EF8DF88002CAF60 /* AppDelegate.swift */,
				7E84FF381EF8DF88002CAF60 /* ViewController.swift */,
				7E84FF3A1EF8DF88002CAF60 /* Main.storyboard */,
				7E84FF3D1EF8DF88002CAF60 /* Assets.xcassets */,
				7E84FF3F1EF8DF88002CAF60 /* LaunchScreen.storyboard */,
				7E84FF421EF8DF88002CAF60 /* Info.plist */,
			);
			path = SourceControlTest;
			sourceTree = "<group>";
		};
		7E84FF4A1EF8DF88002CAF60 /* SourceControlTestTests */ = {
			isa = PBXGroup;
			children = (
				7E84FF4B1EF8DF88002CAF60 /* SourceControlTestTests.swift */,
				7E84FF4D1EF8DF88002CAF60 /* Info.plist */,
			);
			path = SourceControlTestTests;
			sourceTree = "<group>";
		};
		7E84FF551EF8DF88002CAF60 /* SourceControlTestUITests */ = {
			isa = PBXGroup;
			children = (
				7E84FF561EF8DF88002CAF60 /* SourceControlTestUITests.swift */,
				7E84FF581EF8DF88002CAF60 /* Info.plist */,
			);
			path = SourceControlTestUITests;
			sourceTree = "<group>";
		};
/* End PBXGroup section */

/* Begin PBXNativeTarget section */
		7E84FF321EF8DF88002CAF60 /* SourceControlTest */ = {
			isa = PBXNativeTarget;
			buildConfigurationList = 7E84FF5B1EF8DF88002CAF60 /* Build configuration list for PBXNativeTarget "SourceControlTest" */;
			buildPhases = (
				7E84FF2F1EF8DF88002CAF60 /* Sources */,
				7E84FF301EF8DF88002CAF60 /* Frameworks */,
				7E84FF311EF8DF88002CAF60 /* Resources */,
			);
			buildRules = (
			);
			dependencies = (
			);
			name = SourceControlTest;
			productName = SourceControlTest;
			productReference = 7E84FF331EF8DF88002CAF60 /* SourceControlTest.app */;
			productType = "com.apple.product-type.application";
		};
		7E84FF461EF8DF88002CAF60 /* SourceControlTestTests */ = {
			isa = PBXNativeTarget;
			buildConfigurationList = 7E84FF5E1EF8DF88002CAF60 /* Build configuration list for PBXNativeTarget "SourceControlTestTests" */;
			buildPhases = (
				7E84FF431EF8DF88002CAF60 /* Sources */,
				7E84FF441EF8DF88002CAF60 /* Frameworks */,
				7E84FF451EF8DF88002CAF60 /* Resources */,
			);
			buildRules = (
			);
			dependencies = (
				7E84FF491EF8DF88002CAF60 /* PBXTargetDependency */,
			);
			name = SourceControlTestTests;
			productName = SourceControlTestTests;
			productReference = 7E84FF471EF8DF88002CAF60 /* SourceControlTestTests.xctest */;
			productType = "com.apple.product-type.bundle.unit-test";
		};
		7E84FF511EF8DF88002CAF60 /* SourceControlTestUITests */ = {
			isa = PBXNativeTarget;
			buildConfigurationList = 7E84FF611EF8DF88002CAF60 /* Build configuration list for PBXNativeTarget "SourceControlTestUITests" */;
			buildPhases = (
				7E84FF4E1EF8DF88002CAF60 /* Sources */,
				7E84FF4F1EF8DF88002CAF60 /* Frameworks */,
				7E84FF501EF8DF88002CAF60 /* Resources */,
			);
			buildRules = (
			);
			dependencies = (
				7E84FF541EF8DF88002CAF60 /* PBXTargetDependency */,
			);
			name = SourceControlTestUITests;
			productName = SourceControlTestUITests;
			productReference = 7E84FF521EF8DF88002CAF60 /* SourceControlTestUITests.xctest */;
			productType = "com.apple.product-type.bundle.ui-testing";
		};
/* End PBXNativeTarget section */

/* Begin PBXProject section */
		7E84FF2B1EF8DF88002CAF60 /* Project object */ = {
			isa = PBXProject;
			attributes = {
				LastSwiftUpdateCheck = 0900;
				LastUpgradeCheck = 0900;
				ORGANIZATIONNAME = "Cameron Grigoriadis";
				TargetAttributes = {
					7E84FF321EF8DF88002CAF60 = {
						CreatedOnToolsVersion = 9.0;
					};
					7E84FF461EF8DF88002CAF60 = {
						CreatedOnToolsVersion = 9.0;
						TestTargetID = 7E84FF321EF8DF88002CAF60;
					};
					7E84FF511EF8DF88002CAF60 = {
						CreatedOnToolsVersion = 9.0;
						TestTargetID = 7E84FF321EF8DF88002CAF60;
					};
				};
			};
			buildConfigurationList = 7E84FF2E1EF8DF88002CAF60 /* Build configuration list for PBXProject "SourceControlTest" */;
			compatibilityVersion = "Xcode 8.0";
			developmentRegion = en;
			hasScannedForEncodings = 0;
			knownRegions = (
				en,
				Base,
			);
			mainGroup = 7E84FF2A1EF8DF88002CAF60;
			productRefGroup = 7E84FF341EF8DF88002CAF60 /* Products */;
			projectDirPath = "";
			projectRoot = "";
			targets = (
				7E84FF321EF8DF88002CAF60 /* SourceControlTest */,
				7E84FF461EF8DF88002CAF60 /* SourceControlTestTests */,
				7E84FF511EF8DF88002CAF60 /* SourceControlTestUITests */,
			);
		};
/* End PBXProject section */

/* Begin PBXResourcesBuildPhase section */
		7E84FF311EF8DF88002CAF60 /* Resources */ = {
			isa = PBXResourcesBuildPhase;
			buildActionMask = 2147483647;
			files = (
				7E84FF411EF8DF88002CAF60 /* LaunchScreen.storyboard in Resources */,
				7E84FF3E1EF8DF88002CAF60 /* Assets.xcassets in Resources */,
				7E84FF3C1EF8DF88002CAF60 /* Main.storyboard in Resources */,
			);
			runOnlyForDeploymentPostprocessing = 0;
		};
		7E84FF451EF8DF88002CAF60 /* Resources */ = {
			isa = PBXResourcesBuildPhase;
			buildActionMask = 2147483647;
			files = (
			);
			runOnlyForDeploymentPostprocessing = 0;
		};
		7E84FF501EF8DF88002CAF60 /* Resources */ = {
			isa = PBXResourcesBuildPhase;
			buildActionMask = 2147483647;
			files = (
			);
			runOnlyForDeploymentPostprocessing = 0;
		};
/* End PBXResourcesBuildPhase section */

/* Begin PBXSourcesBuildPhase section */
		7E84FF2F1EF8DF88002CAF60 /* Sources */ = {
			isa = PBXSourcesBuildPhase;
			buildActionMask = 2147483647;
			files = (
				7E84FF391EF8DF88002CAF60 /* ViewController.swift in Sources */,
				7E84FF371EF8DF88002CAF60 /* AppDelegate.swift in Sources */,
			);
			runOnlyForDeploymentPostprocessing = 0;
		};
		7E84FF431EF8DF88002CAF60 /* Sources */ = {
			isa = PBXSourcesBuildPhase;
			buildActionMask = 2147483647;
			files = (
				7E84FF4C1EF8DF88002CAF60 /* SourceControlTestTests.swift in Sources */,
			);
			runOnlyForDeploymentPostprocessing = 0;
		};
		7E84FF4E1EF8DF88002CAF60 /* Sources */ = {
			isa = PBXSourcesBuildPhase;
			buildActionMask = 2147483647;
			files = (
				7E84FF571EF8DF88002CAF60 /* SourceControlTestUITests.swift in Sources */,
			);
			runOnlyForDeploymentPostprocessing = 0;
		};
/* End PBXSourcesBuildPhase section */

/* Begin PBXTargetDependency section */
		7E84FF491EF8DF88002CAF60 /* PBXTargetDependency */ = {
			isa = PBXTargetDependency;
			target = 7E84FF321EF8DF88002CAF60 /* SourceControlTest */;
			targetProxy = 7E84FF481EF8DF88002CAF60 /* PBXContainerItemProxy */;
		};
		7E84FF541EF8DF88002CAF60 /* PBXTargetDependency */ = {
			isa = PBXTargetDependency;
			target = 7E84FF321EF8DF88002CAF60 /* SourceControlTest */;
			targetProxy = 7E84FF531EF8DF88002CAF60 /* PBXContainerItemProxy */;
		};
/* End PBXTargetDependency section */

/* Begin PBXVariantGroup section */
		7E84FF3A1EF8DF88002CAF60 /* Main.storyboard */ = {
			isa = PBXVariantGroup;
			children = (
				7E84FF3B1EF8DF88002CAF60 /* Base */,
			);
			name = Main.storyboard;
			sourceTree = "<group>";
		};
		7E84FF3F1EF8DF88002CAF60 /* LaunchScreen.storyboard */ = {
			isa = PBXVariantGroup;
			children = (
				7E84FF401EF8DF88002CAF60 /* Base */,
			);
			name = LaunchScreen.storyboard;
			sourceTree = "<group>";
		};
/* End PBXVariantGroup section */

/* Begin XCBuildConfiguration section */
		7E84FF591EF8DF88002CAF60 /* Debug */ = {
			isa = XCBuildConfiguration;
			buildSettings = {
				ALWAYS_SEARCH_USER_PATHS = NO;
				CLANG_ANALYZER_NONNULL = YES;
				CLANG_ANALYZER_NUMBER_OBJECT_CONVERSION = YES_AGGRESSIVE;
				CLANG_CXX_LANGUAGE_STANDARD = "gnu++14";
				CLANG_CXX_LIBRARY = "libc++";
				CLANG_ENABLE_MODULES = YES;
				CLANG_ENABLE_OBJC_ARC = YES;
				CLANG_WARN_BLOCK_CAPTURE_AUTORELEASING = YES;
				CLANG_WARN_BOOL_CONVERSION = YES;
				CLANG_WARN_COMMA = YES;
				CLANG_WARN_CONSTANT_CONVERSION = YES;
				CLANG_WARN_DIRECT_OBJC_ISA_USAGE = YES_ERROR;
				CLANG_WARN_DOCUMENTATION_COMMENTS = YES;
				CLANG_WARN_EMPTY_BODY = YES;
				CLANG_WARN_ENUM_CONVERSION = YES;
				CLANG_WARN_INFINITE_RECURSION = YES;
				CLANG_WARN_INT_CONVERSION = YES;
				CLANG_WARN_OBJC_ROOT_CLASS = YES_ERROR;
				CLANG_WARN_RANGE_LOOP_ANALYSIS = YES;
				CLANG_WARN_STRICT_PROTOTYPES = YES;
				CLANG_WARN_SUSPICIOUS_MOVE = YES;
				CLANG_WARN_UNGUARDED_AVAILABILITY = YES_AGGRESSIVE;
				CLANG_WARN_UNREACHABLE_CODE = YES;
				CLANG_WARN__DUPLICATE_METHOD_MATCH = YES;
				CODE_SIGN_IDENTITY = "iPhone Developer";
				COPY_PHASE_STRIP = NO;
				DEBUG_INFORMATION_FORMAT = dwarf;
				ENABLE_STRICT_OBJC_MSGSEND = YES;
				ENABLE_TESTABILITY = YES;
				GCC_C_LANGUAGE_STANDARD = gnu11;
				GCC_DYNAMIC_NO_PIC = NO;
				GCC_NO_COMMON_BLOCKS = YES;
				GCC_OPTIMIZATION_LEVEL = 0;
				GCC_PREPROCESSOR_DEFINITIONS = (
					"DEBUG=1",
					"$(inherited)",
				);
				GCC_WARN_64_TO_32_BIT_CONVERSION = YES;
				GCC_WARN_ABOUT_RETURN_TYPE = YES_ERROR;
				GCC_WARN_UNDECLARED_SELECTOR = YES;
				GCC_WARN_UNINITIALIZED_AUTOS = YES_AGGRESSIVE;
				GCC_WARN_UNUSED_FUNCTION = YES;
				GCC_WARN_UNUSED_VARIABLE = YES;
				IPHONEOS_DEPLOYMENT_TARGET = 11.0;
				MTL_ENABLE_DEBUG_INFO = YES;
				ONLY_ACTIVE_ARCH = YES;
				SDKROOT = iphoneos;
				SWIFT_ACTIVE_COMPILATION_CONDITIONS = DEBUG;
				SWIFT_OPTIMIZATION_LEVEL = "-Onone";
			};
			name = Debug;
		};
		7E84FF5A1EF8DF88002CAF60 /* Release */ = {
			isa = XCBuildConfiguration;
			buildSettings = {
				ALWAYS_SEARCH_USER_PATHS = NO;
				CLANG_ANALYZER_NONNULL = YES;
				CLANG_ANALYZER_NUMBER_OBJECT_CONVERSION = YES_AGGRESSIVE;
				CLANG_CXX_LANGUAGE_STANDARD = "gnu++14";
				CLANG_CXX_LIBRARY = "libc++";
				CLANG_ENABLE_MODULES = YES;
				CLANG_ENABLE_OBJC_ARC = YES;
				CLANG_WARN_BLOCK_CAPTURE_AUTORELEASING = YES;
				CLANG_WARN_BOOL_CONVERSION = YES;
				CLANG_WARN_COMMA = YES;
				CLANG_WARN_CONSTANT_CONVERSION = YES;
				CLANG_WARN_DIRECT_OBJC_ISA_USAGE = YES_ERROR;
				CLANG_WARN_DOCUMENTATION_COMMENTS = YES;
				CLANG_WARN_EMPTY_BODY = YES;
				CLANG_WARN_ENUM_CONVERSION = YES;
				CLANG_WARN_INFINITE_RECURSION = YES;
				CLANG_WARN_INT_CONVERSION = YES;
				CLANG_WARN_OBJC_ROOT_CLASS = YES_ERROR;
				CLANG_WARN_RANGE_LOOP_ANALYSIS = YES;
				CLANG_WARN_STRICT_PROTOTYPES = YES;
				CLANG_WARN_SUSPICIOUS_MOVE = YES;
				CLANG_WARN_UNGUARDED_AVAILABILITY = YES_AGGRESSIVE;
				CLANG_WARN_UNREACHABLE_CODE = YES;
				CLANG_WARN__DUPLICATE_METHOD_MATCH = YES;
				CODE_SIGN_IDENTITY = "iPhone Developer";
				COPY_PHASE_STRIP = NO;
				DEBUG_INFORMATION_FORMAT = "dwarf-with-dsym";
				ENABLE_NS_ASSERTIONS = NO;
				ENABLE_STRICT_OBJC_MSGSEND = YES;
				GCC_C_LANGUAGE_STANDARD = gnu11;
				GCC_NO_COMMON_BLOCKS = YES;
				GCC_WARN_64_TO_32_BIT_CONVERSION = YES;
				GCC_WARN_ABOUT_RETURN_TYPE = YES_ERROR;
				GCC_WARN_UNDECLARED_SELECTOR = YES;
				GCC_WARN_UNINITIALIZED_AUTOS = YES_AGGRESSIVE;
				GCC_WARN_UNUSED_FUNCTION = YES;
				GCC_WARN_UNUSED_VARIABLE = YES;
				IPHONEOS_DEPLOYMENT_TARGET = 11.0;
				MTL_ENABLE_DEBUG_INFO = NO;
				SDKROOT = iphoneos;
				SWIFT_OPTIMIZATION_LEVEL = "-Owholemodule";
				VALIDATE_PRODUCT = YES;
			};
			name = Release;
		};
		7E84FF5C1EF8DF88002CAF60 /* Debug */ = {
			isa = XCBuildConfiguration;
			buildSettings = {
				ASSETCATALOG_COMPILER_APPICON_NAME = AppIcon;
				DEVELOPMENT_TEAM = SYPHAMSPW3;
				INFOPLIST_FILE = SourceControlTest/Info.plist;
				LD_RUNPATH_SEARCH_PATHS = "$(inherited) @executable_path/Frameworks";
				PRODUCT_BUNDLE_IDENTIFIER = com.camgrigoriadis.SourceControlTest;
				PRODUCT_NAME = "$(TARGET_NAME)";
				SWIFT_VERSION = 4.0;
				TARGETED_DEVICE_FAMILY = "1,2";
			};
			name = Debug;
		};
		7E84FF5D1EF8DF88002CAF60 /* Release */ = {
			isa = XCBuildConfiguration;
			buildSettings = {
				ASSETCATALOG_COMPILER_APPICON_NAME = AppIcon;
				DEVELOPMENT_TEAM = SYPHAMSPW3;
				INFOPLIST_FILE = SourceControlTest/Info.plist;
				LD_RUNPATH_SEARCH_PATHS = "$(inherited) @executable_path/Frameworks";
				PRODUCT_BUNDLE_IDENTIFIER = com.camgrigoriadis.SourceControlTest;
				PRODUCT_NAME = "$(TARGET_NAME)";
				SWIFT_VERSION = 4.0;
				TARGETED_DEVICE_FAMILY = "1,2";
			};
			name = Release;
		};
		7E84FF5F1EF8DF88002CAF60 /* Debug */ = {
			isa = XCBuildConfiguration;
			buildSettings = {
				ALWAYS_EMBED_SWIFT_STANDARD_LIBRARIES = YES;
				BUNDLE_LOADER = "$(TEST_HOST)";
				DEVELOPMENT_TEAM = SYPHAMSPW3;
				INFOPLIST_FILE = SourceControlTestTests/Info.plist;
				LD_RUNPATH_SEARCH_PATHS = "$(inherited) @executable_path/Frameworks @loader_path/Frameworks";
				PRODUCT_BUNDLE_IDENTIFIER = com.camgrigoriadis.SourceControlTestTests;
				PRODUCT_NAME = "$(TARGET_NAME)";
				SWIFT_VERSION = 4.0;
				TARGETED_DEVICE_FAMILY = "1,2";
				TEST_HOST = "$(BUILT_PRODUCTS_DIR)/SourceControlTest.app/SourceControlTest";
			};
			name = Debug;
		};
		7E84FF601EF8DF88002CAF60 /* Release */ = {
			isa = XCBuildConfiguration;
			buildSettings = {
				ALWAYS_EMBED_SWIFT_STANDARD_LIBRARIES = YES;
				BUNDLE_LOADER = "$(TEST_HOST)";
				DEVELOPMENT_TEAM = SYPHAMSPW3;
				INFOPLIST_FILE = SourceControlTestTests/Info.plist;
				LD_RUNPATH_SEARCH_PATHS = "$(inherited) @executable_path/Frameworks @loader_path/Frameworks";
				PRODUCT_BUNDLE_IDENTIFIER = com.camgrigoriadis.SourceControlTestTests;
				PRODUCT_NAME = "$(TARGET_NAME)";
				SWIFT_VERSION = 4.0;
				TARGETED_DEVICE_FAMILY = "1,2";
				TEST_HOST = "$(BUILT_PRODUCTS_DIR)/SourceControlTest.app/SourceControlTest";
			};
			name = Release;
		};
		7E84FF621EF8DF88002CAF60 /* Debug */ = {
			isa = XCBuildConfiguration;
			buildSettings = {
				ALWAYS_EMBED_SWIFT_STANDARD_LIBRARIES = YES;
				DEVELOPMENT_TEAM = SYPHAMSPW3;
				INFOPLIST_FILE = SourceControlTestUITests/Info.plist;
				LD_RUNPATH_SEARCH_PATHS = "$(inherited) @executable_path/Frameworks @loader_path/Frameworks";
				PRODUCT_BUNDLE_IDENTIFIER = com.camgrigoriadis.SourceControlTestUITests;
				PRODUCT_NAME = "$(TARGET_NAME)";
				SWIFT_VERSION = 4.0;
				TARGETED_DEVICE_FAMILY = "1,2";
				TEST_TARGET_NAME = SourceControlTest;
			};
			name = Debug;
		};
		7E84FF631EF8DF88002CAF60 /* Release */ = {
			isa = XCBuildConfiguration;
			buildSettings = {
				ALWAYS_EMBED_SWIFT_STANDARD_LIBRARIES = YES;
				DEVELOPMENT_TEAM = SYPHAMSPW3;
				INFOPLIST_FILE = SourceControlTestUITests/Info.plist;
				LD_RUNPATH_SEARCH_PATHS = "$(inherited) @executable_path/Frameworks @loader_path/Frameworks";
				PRODUCT_BUNDLE_IDENTIFIER = com.camgrigoriadis.SourceControlTestUITests;
				PRODUCT_NAME = "$(TARGET_NAME)";
				SWIFT_VERSION = 4.0;
				TARGETED_DEVICE_FAMILY = "1,2";
				TEST_TARGET_NAME = SourceControlTest;
			};
			name = Release;
		};
/* End XCBuildConfiguration section */

/* Begin XCConfigurationList section */
		7E84FF2E1EF8DF88002CAF60 /* Build configuration list for PBXProject "SourceControlTest" */ = {
			isa = XCConfigurationList;
			buildConfigurations = (
				7E84FF591EF8DF88002CAF60 /* Debug */,
				7E84FF5A1EF8DF88002CAF60 /* Release */,
			);
			defaultConfigurationIsVisible = 0;
			defaultConfigurationName = Release;
		};
		7E84FF5B1EF8DF88002CAF60 /* Build configuration list for PBXNativeTarget "SourceControlTest" */ = {
			isa = XCConfigurationList;
			buildConfigurations = (
				7E84FF5C1EF8DF88002CAF60 /* Debug */,
				7E84FF5D1EF8DF88002CAF60 /* Release */,
			);
			defaultConfigurationIsVisible = 0;
		};
		7E84FF5E1EF8DF88002CAF60 /* Build configuration list for PBXNativeTarget "SourceControlTestTests" */ = {
			isa = XCConfigurationList;
			buildConfigurations = (
				7E84FF5F1EF8DF88002CAF60 /* Debug */,
				7E84FF601EF8DF88002CAF60 /* Release */,
			);
			defaultConfigurationIsVisible = 0;
		};
		7E84FF611EF8DF88002CAF60 /* Build configuration list for PBXNativeTarget "SourceControlTestUITests" */ = {
			isa = XCConfigurationList;
			buildConfigurations = (
				7E84FF621EF8DF88002CAF60 /* Debug */,
				7E84FF631EF8DF88002CAF60 /* Release */,
			);
			defaultConfigurationIsVisible = 0;
		};
/* End XCConfigurationList section */
	};
	rootObject = 7E84FF2B1EF8DF88002CAF60 /* Project object */;
}
